// !$*UTF8*$!
{
	archiveVersion = 1;
	classes = {
	};
	objectVersion = 56;
	objects = {

/* Begin PBXBuildFile section */
		FDA64BC22BCECCBD009D8951 /* CustomTabViewApp.swift in Sources */ = {isa = PBXBuildFile; fileRef = FDA64BC12BCECCBD009D8951 /* CustomTabViewApp.swift */; };
		FDA64BC42BCECCBD009D8951 /* ContentView.swift in Sources */ = {isa = PBXBuildFile; fileRef = FDA64BC32BCECCBD009D8951 /* ContentView.swift */; };
		FDA64BC62BCECCBE009D8951 /* Assets.xcassets in Resources */ = {isa = PBXBuildFile; fileRef = FDA64BC52BCECCBE009D8951 /* Assets.xcassets */; };
		FDA64BC92BCECCBE009D8951 /* Preview Assets.xcassets in Resources */ = {isa = PBXBuildFile; fileRef = FDA64BC82BCECCBE009D8951 /* Preview Assets.xcassets */; };
		FDA64BD02BCECD02009D8951 /* .gitignore in Resources */ = {isa = PBXBuildFile; fileRef = FDA64BCF2BCECD02009D8951 /* .gitignore */; };
		FDA64BD22BCECD66009D8951 /* CustomTabbar.swift in Sources */ = {isa = PBXBuildFile; fileRef = FDA64BD12BCECD66009D8951 /* CustomTabbar.swift */; };
		FDA64BD42BCF4466009D8951 /* HouseView.swift in Sources */ = {isa = PBXBuildFile; fileRef = FDA64BD32BCF4466009D8951 /* HouseView.swift */; };
		FDA64BD62BCF4690009D8951 /* MessageView.swift in Sources */ = {isa = PBXBuildFile; fileRef = FDA64BD52BCF4690009D8951 /* MessageView.swift */; };
		FDA64BD82BCF46A4009D8951 /* OtherView.swift in Sources */ = {isa = PBXBuildFile; fileRef = FDA64BD72BCF46A4009D8951 /* OtherView.swift */; };
/* End PBXBuildFile section */

/* Begin PBXFileReference section */
		FDA64BBE2BCECCBD009D8951 /* CustomTabView.app */ = {isa = PBXFileReference; explicitFileType = wrapper.application; includeInIndex = 0; path = CustomTabView.app; sourceTree = BUILT_PRODUCTS_DIR; };
		FDA64BC12BCECCBD009D8951 /* CustomTabViewApp.swift */ = {isa = PBXFileReference; lastKnownFileType = sourcecode.swift; path = CustomTabViewApp.swift; sourceTree = "<group>"; };
		FDA64BC32BCECCBD009D8951 /* ContentView.swift */ = {isa = PBXFileReference; lastKnownFileType = sourcecode.swift; path = ContentView.swift; sourceTree = "<group>"; };
		FDA64BC52BCECCBE009D8951 /* Assets.xcassets */ = {isa = PBXFileReference; lastKnownFileType = folder.assetcatalog; path = Assets.xcassets; sourceTree = "<group>"; };
		FDA64BC82BCECCBE009D8951 /* Preview Assets.xcassets */ = {isa = PBXFileReference; lastKnownFileType = folder.assetcatalog; path = "Preview Assets.xcassets"; sourceTree = "<group>"; };
		FDA64BCF2BCECD02009D8951 /* .gitignore */ = {isa = PBXFileReference; lastKnownFileType = text; path = .gitignore; sourceTree = "<group>"; };
		FDA64BD12BCECD66009D8951 /* CustomTabbar.swift */ = {isa = PBXFileReference; lastKnownFileType = sourcecode.swift; path = CustomTabbar.swift; sourceTree = "<group>"; };
		FDA64BD32BCF4466009D8951 /* HouseView.swift */ = {isa = PBXFileReference; lastKnownFileType = sourcecode.swift; path = HouseView.swift; sourceTree = "<group>"; };
		FDA64BD52BCF4690009D8951 /* MessageView.swift */ = {isa = PBXFileReference; lastKnownFileType = sourcecode.swift; path = MessageView.swift; sourceTree = "<group>"; };
		FDA64BD72BCF46A4009D8951 /* OtherView.swift */ = {isa = PBXFileReference; lastKnownFileType = sourcecode.swift; path = OtherView.swift; sourceTree = "<group>"; };
/* End PBXFileReference section */

/* Begin PBXFrameworksBuildPhase section */
		FDA64BBB2BCECCBD009D8951 /* Frameworks */ = {
			isa = PBXFrameworksBuildPhase;
			buildActionMask = 2147483647;
			files = (
			);
			runOnlyForDeploymentPostprocessing = 0;
		};
/* End PBXFrameworksBuildPhase section */

/* Begin PBXGroup section */
		FDA64BB52BCECCBD009D8951 = {
			isa = PBXGroup;
			children = (
				FDA64BCF2BCECD02009D8951 /* .gitignore */,
				FDA64BC02BCECCBD009D8951 /* CustomTabView */,
				FDA64BBF2BCECCBD009D8951 /* Products */,
			);
			sourceTree = "<group>";
		};
		FDA64BBF2BCECCBD009D8951 /* Products */ = {
			isa = PBXGroup;
			children = (
				FDA64BBE2BCECCBD009D8951 /* CustomTabView.app */,
			);
			name = Products;
			sourceTree = "<group>";
		};
		FDA64BC02BCECCBD009D8951 /* CustomTabView */ = {
			isa = PBXGroup;
			children = (
				FDA64BC12BCECCBD009D8951 /* CustomTabViewApp.swift */,
				FDA64BC32BCECCBD009D8951 /* ContentView.swift */,
				FDA64BD12BCECD66009D8951 /* CustomTabbar.swift */,
				FDA64BD32BCF4466009D8951 /* HouseView.swift */,
				FDA64BD52BCF4690009D8951 /* MessageView.swift */,
				FDA64BD72BCF46A4009D8951 /* OtherView.swift */,
				FDA64BC52BCECCBE009D8951 /* Assets.xcassets */,
				FDA64BC72BCECCBE009D8951 /* Preview Content */,
			);
			path = CustomTabView;
			sourceTree = "<group>";
		};
		FDA64BC72BCECCBE009D8951 /* Preview Content */ = {
			isa = PBXGroup;
			children = (
				FDA64BC82BCECCBE009D8951 /* Preview Assets.xcassets */,
			);
			path = "Preview Content";
			sourceTree = "<group>";
		};
/* End PBXGroup section */

/* Begin PBXNativeTarget section */
		FDA64BBD2BCECCBD009D8951 /* CustomTabView */ = {
			isa = PBXNativeTarget;
			buildConfigurationList = FDA64BCC2BCECCBE009D8951 /* Build configuration list for PBXNativeTarget "CustomTabView" */;
			buildPhases = (
				FDA64BBA2BCECCBD009D8951 /* Sources */,
				FDA64BBB2BCECCBD009D8951 /* Frameworks */,
				FDA64BBC2BCECCBD009D8951 /* Resources */,
			);
			buildRules = (
			);
			dependencies = (
			);
			name = CustomTabView;
			productName = CustomTabView;
			productReference = FDA64BBE2BCECCBD009D8951 /* CustomTabView.app */;
			productType = "com.apple.product-type.application";
		};
/* End PBXNativeTarget section */

/* Begin PBXProject section */
		FDA64BB62BCECCBD009D8951 /* Project object */ = {
			isa = PBXProject;
			attributes = {
				BuildIndependentTargetsInParallel = 1;
				LastSwiftUpdateCheck = 1530;
				LastUpgradeCheck = 1530;
				TargetAttributes = {
					FDA64BBD2BCECCBD009D8951 = {
						CreatedOnToolsVersion = 15.3;
					};
				};
			};
			buildConfigurationList = FDA64BB92BCECCBD009D8951 /* Build configuration list for PBXProject "CustomTabView" */;
			compatibilityVersion = "Xcode 14.0";
			developmentRegion = en;
			hasScannedForEncodings = 0;
			knownRegions = (
				en,
				Base,
			);
			mainGroup = FDA64BB52BCECCBD009D8951;
			productRefGroup = FDA64BBF2BCECCBD009D8951 /* Products */;
			projectDirPath = "";
			projectRoot = "";
			targets = (
				FDA64BBD2BCECCBD009D8951 /* CustomTabView */,
			);
		};
/* End PBXProject section */

/* Begin PBXResourcesBuildPhase section */
		FDA64BBC2BCECCBD009D8951 /* Resources */ = {
			isa = PBXResourcesBuildPhase;
			buildActionMask = 2147483647;
			files = (
				FDA64BC92BCECCBE009D8951 /* Preview Assets.xcassets in Resources */,
				FDA64BD02BCECD02009D8951 /* .gitignore in Resources */,
				FDA64BC62BCECCBE009D8951 /* Assets.xcassets in Resources */,
			);
			runOnlyForDeploymentPostprocessing = 0;
		};
/* End PBXResourcesBuildPhase section */

/* Begin PBXSourcesBuildPhase section */
		FDA64BBA2BCECCBD009D8951 /* Sources */ = {
			isa = PBXSourcesBuildPhase;
			buildActionMask = 2147483647;
			files = (
				FDA64BD22BCECD66009D8951 /* CustomTabbar.swift in Sources */,
				FDA64BD42BCF4466009D8951 /* HouseView.swift in Sources */,
				FDA64BC42BCECCBD009D8951 /* ContentView.swift in Sources */,
				FDA64BC22BCECCBD009D8951 /* CustomTabViewApp.swift in Sources */,
				FDA64BD62BCF4690009D8951 /* MessageView.swift in Sources */,
				FDA64BD82BCF46A4009D8951 /* OtherView.swift in Sources */,
			);
			runOnlyForDeploymentPostprocessing = 0;
		};
/* End PBXSourcesBuildPhase section */

/* Begin XCBuildConfiguration section */
		FDA64BCA2BCECCBE009D8951 /* Debug */ = {
			isa = XCBuildConfiguration;
			buildSettings = {
				ALWAYS_SEARCH_USER_PATHS = NO;
				ASSETCATALOG_COMPILER_GENERATE_SWIFT_ASSET_SYMBOL_EXTENSIONS = YES;
				CLANG_ANALYZER_NONNULL = YES;
				CLANG_ANALYZER_NUMBER_OBJECT_CONVERSION = YES_AGGRESSIVE;
				CLANG_CXX_LANGUAGE_STANDARD = "gnu++20";
				CLANG_ENABLE_MODULES = YES;
				CLANG_ENABLE_OBJC_ARC = YES;
				CLANG_ENABLE_OBJC_WEAK = YES;
				CLANG_WARN_BLOCK_CAPTURE_AUTORELEASING = YES;
				CLANG_WARN_BOOL_CONVERSION = YES;
				CLANG_WARN_COMMA = YES;
				CLANG_WARN_CONSTANT_CONVERSION = YES;
				CLANG_WARN_DEPRECATED_OBJC_IMPLEMENTATIONS = YES;
				CLANG_WARN_DIRECT_OBJC_ISA_USAGE = YES_ERROR;
				CLANG_WARN_DOCUMENTATION_COMMENTS = YES;
				CLANG_WARN_EMPTY_BODY = YES;
				CLANG_WARN_ENUM_CONVERSION = YES;
				CLANG_WARN_INFINITE_RECURSION = YES;
				CLANG_WARN_INT_CONVERSION = YES;
				CLANG_WARN_NON_LITERAL_NULL_CONVERSION = YES;
				CLANG_WARN_OBJC_IMPLICIT_RETAIN_SELF = YES;
				CLANG_WARN_OBJC_LITERAL_CONVERSION = YES;
				CLANG_WARN_OBJC_ROOT_CLASS = YES_ERROR;
				CLANG_WARN_QUOTED_INCLUDE_IN_FRAMEWORK_HEADER = YES;
				CLANG_WARN_RANGE_LOOP_ANALYSIS = YES;
				CLANG_WARN_STRICT_PROTOTYPES = YES;
				CLANG_WARN_SUSPICIOUS_MOVE = YES;
				CLANG_WARN_UNGUARDED_AVAILABILITY = YES_AGGRESSIVE;
				CLANG_WARN_UNREACHABLE_CODE = YES;
				CLANG_WARN__DUPLICATE_METHOD_MATCH = YES;
				COPY_PHASE_STRIP = NO;
				DEBUG_INFORMATION_FORMAT = dwarf;
				ENABLE_STRICT_OBJC_MSGSEND = YES;
				ENABLE_TESTABILITY = YES;
				ENABLE_USER_SCRIPT_SANDBOXING = YES;
				GCC_C_LANGUAGE_STANDARD = gnu17;
				GCC_DYNAMIC_NO_PIC = NO;
				GCC_NO_COMMON_BLOCKS = YES;
				GCC_OPTIMIZATION_LEVEL = 0;
				GCC_PREPROCESSOR_DEFINITIONS = (
					"DEBUG=1",
					"$(inherited)",
				);
				GCC_WARN_64_TO_32_BIT_CONVERSION = YES;
				GCC_WARN_ABOUT_RETURN_TYPE = YES_ERROR;
				GCC_WARN_UNDECLARED_SELECTOR = YES;
				GCC_WARN_UNINITIALIZED_AUTOS = YES_AGGRESSIVE;
				GCC_WARN_UNUSED_FUNCTION = YES;
				GCC_WARN_UNUSED_VARIABLE = YES;
				IPHONEOS_DEPLOYMENT_TARGET = 17.4;
				LOCALIZATION_PREFERS_STRING_CATALOGS = YES;
				MTL_ENABLE_DEBUG_INFO = INCLUDE_SOURCE;
				MTL_FAST_MATH = YES;
				ONLY_ACTIVE_ARCH = YES;
				SDKROOT = iphoneos;
				SWIFT_ACTIVE_COMPILATION_CONDITIONS = "DEBUG $(inherited)";
				SWIFT_OPTIMIZATION_LEVEL = "-Onone";
			};
			name = Debug;
		};
		FDA64BCB2BCECCBE009D8951 /* Release */ = {
			isa = XCBuildConfiguration;
			buildSettings = {
				ALWAYS_SEARCH_USER_PATHS = NO;
				ASSETCATALOG_COMPILER_GENERATE_SWIFT_ASSET_SYMBOL_EXTENSIONS = YES;
				CLANG_ANALYZER_NONNULL = YES;
				CLANG_ANALYZER_NUMBER_OBJECT_CONVERSION = YES_AGGRESSIVE;
				CLANG_CXX_LANGUAGE_STANDARD = "gnu++20";
				CLANG_ENABLE_MODULES = YES;
				CLANG_ENABLE_OBJC_ARC = YES;
				CLANG_ENABLE_OBJC_WEAK = YES;
				CLANG_WARN_BLOCK_CAPTURE_AUTORELEASING = YES;
				CLANG_WARN_BOOL_CONVERSION = YES;
				CLANG_WARN_COMMA = YES;
				CLANG_WARN_CONSTANT_CONVERSION = YES;
				CLANG_WARN_DEPRECATED_OBJC_IMPLEMENTATIONS = YES;
				CLANG_WARN_DIRECT_OBJC_ISA_USAGE = YES_ERROR;
				CLANG_WARN_DOCUMENTATION_COMMENTS = YES;
				CLANG_WARN_EMPTY_BODY = YES;
				CLANG_WARN_ENUM_CONVERSION = YES;
				CLANG_WARN_INFINITE_RECURSION = YES;
				CLANG_WARN_INT_CONVERSION = YES;
				CLANG_WARN_NON_LITERAL_NULL_CONVERSION = YES;
				CLANG_WARN_OBJC_IMPLICIT_RETAIN_SELF = YES;
				CLANG_WARN_OBJC_LITERAL_CONVERSION = YES;
				CLANG_WARN_OBJC_ROOT_CLASS = YES_ERROR;
				CLANG_WARN_QUOTED_INCLUDE_IN_FRAMEWORK_HEADER = YES;
				CLANG_WARN_RANGE_LOOP_ANALYSIS = YES;
				CLANG_WARN_STRICT_PROTOTYPES = YES;
				CLANG_WARN_SUSPICIOUS_MOVE = YES;
				CLANG_WARN_UNGUARDED_AVAILABILITY = YES_AGGRESSIVE;
				CLANG_WARN_UNREACHABLE_CODE = YES;
				CLANG_WARN__DUPLICATE_METHOD_MATCH = YES;
				COPY_PHASE_STRIP = NO;
				DEBUG_INFORMATION_FORMAT = "dwarf-with-dsym";
				ENABLE_NS_ASSERTIONS = NO;
				ENABLE_STRICT_OBJC_MSGSEND = YES;
				ENABLE_USER_SCRIPT_SANDBOXING = YES;
				GCC_C_LANGUAGE_STANDARD = gnu17;
				GCC_NO_COMMON_BLOCKS = YES;
				GCC_WARN_64_TO_32_BIT_CONVERSION = YES;
				GCC_WARN_ABOUT_RETURN_TYPE = YES_ERROR;
				GCC_WARN_UNDECLARED_SELECTOR = YES;
				GCC_WARN_UNINITIALIZED_AUTOS = YES_AGGRESSIVE;
				GCC_WARN_UNUSED_FUNCTION = YES;
				GCC_WARN_UNUSED_VARIABLE = YES;
				IPHONEOS_DEPLOYMENT_TARGET = 17.4;
				LOCALIZATION_PREFERS_STRING_CATALOGS = YES;
				MTL_ENABLE_DEBUG_INFO = NO;
				MTL_FAST_MATH = YES;
				SDKROOT = iphoneos;
				SWIFT_COMPILATION_MODE = wholemodule;
				VALIDATE_PRODUCT = YES;
			};
			name = Release;
		};
		FDA64BCD2BCECCBE009D8951 /* Debug */ = {
			isa = XCBuildConfiguration;
			buildSettings = {
				ASSETCATALOG_COMPILER_APPICON_NAME = AppIcon;
				ASSETCATALOG_COMPILER_GLOBAL_ACCENT_COLOR_NAME = AccentColor;
				CODE_SIGN_STYLE = Automatic;
				CURRENT_PROJECT_VERSION = 1;
				DEVELOPMENT_ASSET_PATHS = "\"CustomTabView/Preview Content\"";
				DEVELOPMENT_TEAM = 88P682HUA5;
				ENABLE_PREVIEWS = YES;
				GENERATE_INFOPLIST_FILE = YES;
				INFOPLIST_KEY_UIApplicationSceneManifest_Generation = YES;
				INFOPLIST_KEY_UIApplicationSupportsIndirectInputEvents = YES;
				INFOPLIST_KEY_UILaunchScreen_Generation = YES;
				INFOPLIST_KEY_UISupportedInterfaceOrientations_iPad = "UIInterfaceOrientationPortrait UIInterfaceOrientationPortraitUpsideDown UIInterfaceOrientationLandscapeLeft UIInterfaceOrientationLandscapeRight";
				INFOPLIST_KEY_UISupportedInterfaceOrientations_iPhone = "UIInterfaceOrientationPortrait UIInterfaceOrientationLandscapeLeft UIInterfaceOrientationLandscapeRight";
				LD_RUNPATH_SEARCH_PATHS = (
					"$(inherited)",
					"@executable_path/Frameworks",
				);
				MARKETING_VERSION = 1.0;
				PRODUCT_BUNDLE_IDENTIFIER = com.Test.CustomTabView;
				PRODUCT_NAME = "$(TARGET_NAME)";
				SWIFT_EMIT_LOC_STRINGS = YES;
				SWIFT_VERSION = 5.0;
				TARGETED_DEVICE_FAMILY = "1,2";
			};
			name = Debug;
		};
		FDA64BCE2BCECCBE009D8951 /* Release */ = {
			isa = XCBuildConfiguration;
			buildSettings = {
				ASSETCATALOG_COMPILER_APPICON_NAME = AppIcon;
				ASSETCATALOG_COMPILER_GLOBAL_ACCENT_COLOR_NAME = AccentColor;
				CODE_SIGN_STYLE = Automatic;
				CURRENT_PROJECT_VERSION = 1;
				DEVELOPMENT_ASSET_PATHS = "\"CustomTabView/Preview Content\"";
				DEVELOPMENT_TEAM = 88P682HUA5;
				ENABLE_PREVIEWS = YES;
				GENERATE_INFOPLIST_FILE = YES;
				INFOPLIST_KEY_UIApplicationSceneManifest_Generation = YES;
				INFOPLIST_KEY_UIApplicationSupportsIndirectInputEvents = YES;
				INFOPLIST_KEY_UILaunchScreen_Generation = YES;
				INFOPLIST_KEY_UISupportedInterfaceOrientations_iPad = "UIInterfaceOrientationPortrait UIInterfaceOrientationPortraitUpsideDown UIInterfaceOrientationLandscapeLeft UIInterfaceOrientationLandscapeRight";
				INFOPLIST_KEY_UISupportedInterfaceOrientations_iPhone = "UIInterfaceOrientationPortrait UIInterfaceOrientationLandscapeLeft UIInterfaceOrientationLandscapeRight";
				LD_RUNPATH_SEARCH_PATHS = (
					"$(inherited)",
					"@executable_path/Frameworks",
				);
				MARKETING_VERSION = 1.0;
				PRODUCT_BUNDLE_IDENTIFIER = com.Test.CustomTabView;
				PRODUCT_NAME = "$(TARGET_NAME)";
				SWIFT_EMIT_LOC_STRINGS = YES;
				SWIFT_VERSION = 5.0;
				TARGETED_DEVICE_FAMILY = "1,2";
			};
			name = Release;
		};
/* End XCBuildConfiguration section */

/* Begin XCConfigurationList section */
		FDA64BB92BCECCBD009D8951 /* Build configuration list for PBXProject "CustomTabView" */ = {
			isa = XCConfigurationList;
			buildConfigurations = (
				FDA64BCA2BCECCBE009D8951 /* Debug */,
				FDA64BCB2BCECCBE009D8951 /* Release */,
			);
			defaultConfigurationIsVisible = 0;
			defaultConfigurationName = Release;
		};
		FDA64BCC2BCECCBE009D8951 /* Build configuration list for PBXNativeTarget "CustomTabView" */ = {
			isa = XCConfigurationList;
			buildConfigurations = (
				FDA64BCD2BCECCBE009D8951 /* Debug */,
				FDA64BCE2BCECCBE009D8951 /* Release */,
			);
			defaultConfigurationIsVisible = 0;
			defaultConfigurationName = Release;
		};
/* End XCConfigurationList section */
	};
	rootObject = FDA64BB62BCECCBD009D8951 /* Project object */;
}
